Microsoft Visual Studio Solution File, Format Version 12.00
# Visual Studio Version 17
VisualStudioVersion = 17.5.2.0
MinimumVisualStudioVersion = 10.0.40219.1
Project("{FAE04EC0-301F-11D3-BF4B-00C04F79EFBC}") = "C#_Oppgaver_loops_conditionals_klasser_objekter_MVC", "C#_Oppgaver_loops_conditionals_klasser_objekter_MVC.csproj", "{05ACC703-2ACD-74C3-7EF4-583DC6D590FA}"
EndProject
Global
	GlobalSection(SolutionConfigurationPlatforms) = preSolution
		Debug|Any CPU = Debug|Any CPU
		Release|Any CPU = Release|Any CPU
	EndGlobalSection
	GlobalSection(ProjectConfigurationPlatforms) = postSolution
		{05ACC703-2ACD-74C3-7EF4-583DC6D590FA}.Debug|Any CPU.ActiveCfg = Debug|Any CPU
		{05ACC703-2ACD-74C3-7EF4-583DC6D590FA}.Debug|Any CPU.Build.0 = Debug|Any CPU
		{05ACC703-2ACD-74C3-7EF4-583DC6D590FA}.Release|Any CPU.ActiveCfg = Release|Any CPU
		{05ACC703-2ACD-74C3-7EF4-583DC6D590FA}.Release|Any CPU.Build.0 = Release|Any CPU
	EndGlobalSection
	GlobalSection(SolutionProperties) = preSolution
		HideSolutionNode = FALSE
	EndGlobalSection
	GlobalSection(ExtensibilityGlobals) = postSolution
		SolutionGuid = {64DC0EEE-73DE-4D10-B485-EBD4F12AA503}
	EndGlobalSection
EndGlobal
